// !$*UTF8*$!
{
	archiveVersion = 1;
	classes = {
	};
	objectVersion = 50;
	objects = {

/* Begin PBXBuildFile section */
		B5192F2E226FA7E500FDFECB /* Run.swift in Sources */ = {isa = PBXBuildFile; fileRef = B5192F2D226FA7E500FDFECB /* Run.swift */; };
		B5235C0C225F591300077388 /* AppDelegate.swift in Sources */ = {isa = PBXBuildFile; fileRef = B5235C0B225F591300077388 /* AppDelegate.swift */; };
		B5235C0E225F591300077388 /* BeginRunVC.swift in Sources */ = {isa = PBXBuildFile; fileRef = B5235C0D225F591300077388 /* BeginRunVC.swift */; };
		B5235C10225F591300077388 /* RunLogVC.swift in Sources */ = {isa = PBXBuildFile; fileRef = B5235C0F225F591300077388 /* RunLogVC.swift */; };
		B5235C13225F591300077388 /* Main.storyboard in Resources */ = {isa = PBXBuildFile; fileRef = B5235C11225F591300077388 /* Main.storyboard */; };
		B5235C15225F591500077388 /* Assets.xcassets in Resources */ = {isa = PBXBuildFile; fileRef = B5235C14225F591500077388 /* Assets.xcassets */; };
		B5235C18225F591500077388 /* LaunchScreen.storyboard in Resources */ = {isa = PBXBuildFile; fileRef = B5235C16225F591500077388 /* LaunchScreen.storyboard */; };
		B5235C37225F61C000077388 /* Montserrat-Medium.ttf in Resources */ = {isa = PBXBuildFile; fileRef = B5235C25225F61BE00077388 /* Montserrat-Medium.ttf */; };
		B5235C38225F61C000077388 /* Montserrat-ExtraBold.ttf in Resources */ = {isa = PBXBuildFile; fileRef = B5235C26225F61BE00077388 /* Montserrat-ExtraBold.ttf */; };
		B5235C39225F61C000077388 /* Montserrat-ExtraBoldItalic.ttf in Resources */ = {isa = PBXBuildFile; fileRef = B5235C27225F61BF00077388 /* Montserrat-ExtraBoldItalic.ttf */; };
		B5235C3A225F61C000077388 /* Montserrat-MediumItalic.ttf in Resources */ = {isa = PBXBuildFile; fileRef = B5235C28225F61BF00077388 /* Montserrat-MediumItalic.ttf */; };
		B5235C3B225F61C000077388 /* Montserrat-ExtraLightItalic.ttf in Resources */ = {isa = PBXBuildFile; fileRef = B5235C29225F61BF00077388 /* Montserrat-ExtraLightItalic.ttf */; };
		B5235C3C225F61C000077388 /* Montserrat-SemiBold.ttf in Resources */ = {isa = PBXBuildFile; fileRef = B5235C2A225F61BF00077388 /* Montserrat-SemiBold.ttf */; };
		B5235C3D225F61C000077388 /* Montserrat-Black.ttf in Resources */ = {isa = PBXBuildFile; fileRef = B5235C2B225F61BF00077388 /* Montserrat-Black.ttf */; };
		B5235C3E225F61C000077388 /* Montserrat-LightItalic.ttf in Resources */ = {isa = PBXBuildFile; fileRef = B5235C2C225F61BF00077388 /* Montserrat-LightItalic.ttf */; };
		B5235C3F225F61C000077388 /* Montserrat-BlackItalic.ttf in Resources */ = {isa = PBXBuildFile; fileRef = B5235C2D225F61BF00077388 /* Montserrat-BlackItalic.ttf */; };
		B5235C40225F61C000077388 /* Montserrat-Regular.ttf in Resources */ = {isa = PBXBuildFile; fileRef = B5235C2E225F61BF00077388 /* Montserrat-Regular.ttf */; };
		B5235C41225F61C000077388 /* Montserrat-SemiBoldItalic.ttf in Resources */ = {isa = PBXBuildFile; fileRef = B5235C2F225F61BF00077388 /* Montserrat-SemiBoldItalic.ttf */; };
		B5235C42225F61C000077388 /* Montserrat-ExtraLight.ttf in Resources */ = {isa = PBXBuildFile; fileRef = B5235C30225F61BF00077388 /* Montserrat-ExtraLight.ttf */; };
		B5235C43225F61C000077388 /* Montserrat-Italic.ttf in Resources */ = {isa = PBXBuildFile; fileRef = B5235C31225F61BF00077388 /* Montserrat-Italic.ttf */; };
		B5235C44225F61C000077388 /* Montserrat-Light.ttf in Resources */ = {isa = PBXBuildFile; fileRef = B5235C32225F61BF00077388 /* Montserrat-Light.ttf */; };
		B5235C45225F61C000077388 /* Montserrat-BoldItalic.ttf in Resources */ = {isa = PBXBuildFile; fileRef = B5235C33225F61BF00077388 /* Montserrat-BoldItalic.ttf */; };
		B5235C46225F61C000077388 /* Montserrat-Bold.ttf in Resources */ = {isa = PBXBuildFile; fileRef = B5235C34225F61BF00077388 /* Montserrat-Bold.ttf */; };
		B5235C47225F61C000077388 /* Montserrat-ThinItalic.ttf in Resources */ = {isa = PBXBuildFile; fileRef = B5235C35225F61C000077388 /* Montserrat-ThinItalic.ttf */; };
		B5235C48225F61C000077388 /* Montserrat-Thin.ttf in Resources */ = {isa = PBXBuildFile; fileRef = B5235C36225F61C000077388 /* Montserrat-Thin.ttf */; };
		B5235C4A2261172300077388 /* LocationVC.swift in Sources */ = {isa = PBXBuildFile; fileRef = B5235C492261172300077388 /* LocationVC.swift */; };
		B5235C4C226120D900077388 /* CurrentRunVC.swift in Sources */ = {isa = PBXBuildFile; fileRef = B5235C4B226120D900077388 /* CurrentRunVC.swift */; };
		B529A4542270CC2D0017D946 /* Constants.swift in Sources */ = {isa = PBXBuildFile; fileRef = B529A4532270CC2D0017D946 /* Constants.swift */; };
		B529A456227102C80017D946 /* LogCell.swift in Sources */ = {isa = PBXBuildFile; fileRef = B529A455227102C80017D946 /* LogCell.swift */; };
		B53C07C5226DF74F00F06D5C /* Extentions.swift in Sources */ = {isa = PBXBuildFile; fileRef = B53C07C4226DF74F00F06D5C /* Extentions.swift */; };
		B5C22F972271F5DD00296660 /* Location.swift in Sources */ = {isa = PBXBuildFile; fileRef = B5C22F962271F5DD00296660 /* Location.swift */; };
		B5C22F9922723A5A00296660 /* Configuration.swift in Sources */ = {isa = PBXBuildFile; fileRef = B5C22F9822723A5A00296660 /* Configuration.swift */; };
		D585C24F3E22117B9ADF2B04 /* Pods_Treads.framework in Frameworks */ = {isa = PBXBuildFile; fileRef = C2D4277FDEE1048989B143FF /* Pods_Treads.framework */; };
/* End PBXBuildFile section */

/* Begin PBXFileReference section */
		185CB6A08FBD52D631D21B8E /* Pods-Treads.debug.xcconfig */ = {isa = PBXFileReference; includeInIndex = 1; lastKnownFileType = text.xcconfig; name = "Pods-Treads.debug.xcconfig"; path = "Pods/Target Support Files/Pods-Treads/Pods-Treads.debug.xcconfig"; sourceTree = "<group>"; };
		62B31A27E68049B7CD10FE65 /* Pods-Treads.release.xcconfig */ = {isa = PBXFileReference; includeInIndex = 1; lastKnownFileType = text.xcconfig; name = "Pods-Treads.release.xcconfig"; path = "Pods/Target Support Files/Pods-Treads/Pods-Treads.release.xcconfig"; sourceTree = "<group>"; };
		B5192F2D226FA7E500FDFECB /* Run.swift */ = {isa = PBXFileReference; lastKnownFileType = sourcecode.swift; path = Run.swift; sourceTree = "<group>"; };
		B5235C08225F591300077388 /* Treads.app */ = {isa = PBXFileReference; explicitFileType = wrapper.application; includeInIndex = 0; path = Treads.app; sourceTree = BUILT_PRODUCTS_DIR; };
		B5235C0B225F591300077388 /* AppDelegate.swift */ = {isa = PBXFileReference; lastKnownFileType = sourcecode.swift; path = AppDelegate.swift; sourceTree = "<group>"; };
		B5235C0D225F591300077388 /* BeginRunVC.swift */ = {isa = PBXFileReference; lastKnownFileType = sourcecode.swift; path = BeginRunVC.swift; sourceTree = "<group>"; };
		B5235C0F225F591300077388 /* RunLogVC.swift */ = {isa = PBXFileReference; lastKnownFileType = sourcecode.swift; path = RunLogVC.swift; sourceTree = "<group>"; };
		B5235C12225F591300077388 /* Base */ = {isa = PBXFileReference; lastKnownFileType = file.storyboard; name = Base; path = Base.lproj/Main.storyboard; sourceTree = "<group>"; };
		B5235C14225F591500077388 /* Assets.xcassets */ = {isa = PBXFileReference; lastKnownFileType = folder.assetcatalog; path = Assets.xcassets; sourceTree = "<group>"; };
		B5235C17225F591500077388 /* Base */ = {isa = PBXFileReference; lastKnownFileType = file.storyboard; name = Base; path = Base.lproj/LaunchScreen.storyboard; sourceTree = "<group>"; };
		B5235C19225F591500077388 /* Info.plist */ = {isa = PBXFileReference; lastKnownFileType = text.plist.xml; path = Info.plist; sourceTree = "<group>"; };
		B5235C25225F61BE00077388 /* Montserrat-Medium.ttf */ = {isa = PBXFileReference; lastKnownFileType = file; path = "Montserrat-Medium.ttf"; sourceTree = "<group>"; };
		B5235C26225F61BE00077388 /* Montserrat-ExtraBold.ttf */ = {isa = PBXFileReference; lastKnownFileType = file; path = "Montserrat-ExtraBold.ttf"; sourceTree = "<group>"; };
		B5235C27225F61BF00077388 /* Montserrat-ExtraBoldItalic.ttf */ = {isa = PBXFileReference; lastKnownFileType = file; path = "Montserrat-ExtraBoldItalic.ttf"; sourceTree = "<group>"; };
		B5235C28225F61BF00077388 /* Montserrat-MediumItalic.ttf */ = {isa = PBXFileReference; lastKnownFileType = file; path = "Montserrat-MediumItalic.ttf"; sourceTree = "<group>"; };
		B5235C29225F61BF00077388 /* Montserrat-ExtraLightItalic.ttf */ = {isa = PBXFileReference; lastKnownFileType = file; path = "Montserrat-ExtraLightItalic.ttf"; sourceTree = "<group>"; };
		B5235C2A225F61BF00077388 /* Montserrat-SemiBold.ttf */ = {isa = PBXFileReference; lastKnownFileType = file; path = "Montserrat-SemiBold.ttf"; sourceTree = "<group>"; };
		B5235C2B225F61BF00077388 /* Montserrat-Black.ttf */ = {isa = PBXFileReference; lastKnownFileType = file; path = "Montserrat-Black.ttf"; sourceTree = "<group>"; };
		B5235C2C225F61BF00077388 /* Montserrat-LightItalic.ttf */ = {isa = PBXFileReference; lastKnownFileType = file; path = "Montserrat-LightItalic.ttf"; sourceTree = "<group>"; };
		B5235C2D225F61BF00077388 /* Montserrat-BlackItalic.ttf */ = {isa = PBXFileReference; lastKnownFileType = file; path = "Montserrat-BlackItalic.ttf"; sourceTree = "<group>"; };
		B5235C2E225F61BF00077388 /* Montserrat-Regular.ttf */ = {isa = PBXFileReference; lastKnownFileType = file; path = "Montserrat-Regular.ttf"; sourceTree = "<group>"; };
		B5235C2F225F61BF00077388 /* Montserrat-SemiBoldItalic.ttf */ = {isa = PBXFileReference; lastKnownFileType = file; path = "Montserrat-SemiBoldItalic.ttf"; sourceTree = "<group>"; };
		B5235C30225F61BF00077388 /* Montserrat-ExtraLight.ttf */ = {isa = PBXFileReference; lastKnownFileType = file; path = "Montserrat-ExtraLight.ttf"; sourceTree = "<group>"; };
		B5235C31225F61BF00077388 /* Montserrat-Italic.ttf */ = {isa = PBXFileReference; lastKnownFileType = file; path = "Montserrat-Italic.ttf"; sourceTree = "<group>"; };
		B5235C32225F61BF00077388 /* Montserrat-Light.ttf */ = {isa = PBXFileReference; lastKnownFileType = file; path = "Montserrat-Light.ttf"; sourceTree = "<group>"; };
		B5235C33225F61BF00077388 /* Montserrat-BoldItalic.ttf */ = {isa = PBXFileReference; lastKnownFileType = file; path = "Montserrat-BoldItalic.ttf"; sourceTree = "<group>"; };
		B5235C34225F61BF00077388 /* Montserrat-Bold.ttf */ = {isa = PBXFileReference; lastKnownFileType = file; path = "Montserrat-Bold.ttf"; sourceTree = "<group>"; };
		B5235C35225F61C000077388 /* Montserrat-ThinItalic.ttf */ = {isa = PBXFileReference; lastKnownFileType = file; path = "Montserrat-ThinItalic.ttf"; sourceTree = "<group>"; };
		B5235C36225F61C000077388 /* Montserrat-Thin.ttf */ = {isa = PBXFileReference; lastKnownFileType = file; path = "Montserrat-Thin.ttf"; sourceTree = "<group>"; };
		B5235C492261172300077388 /* LocationVC.swift */ = {isa = PBXFileReference; lastKnownFileType = sourcecode.swift; path = LocationVC.swift; sourceTree = "<group>"; };
		B5235C4B226120D900077388 /* CurrentRunVC.swift */ = {isa = PBXFileReference; lastKnownFileType = sourcecode.swift; path = CurrentRunVC.swift; sourceTree = "<group>"; };
		B529A4532270CC2D0017D946 /* Constants.swift */ = {isa = PBXFileReference; lastKnownFileType = sourcecode.swift; path = Constants.swift; sourceTree = "<group>"; };
		B529A455227102C80017D946 /* LogCell.swift */ = {isa = PBXFileReference; lastKnownFileType = sourcecode.swift; path = LogCell.swift; sourceTree = "<group>"; };
		B53C07C4226DF74F00F06D5C /* Extentions.swift */ = {isa = PBXFileReference; lastKnownFileType = sourcecode.swift; path = Extentions.swift; sourceTree = "<group>"; };
		B5C22F962271F5DD00296660 /* Location.swift */ = {isa = PBXFileReference; lastKnownFileType = sourcecode.swift; path = Location.swift; sourceTree = "<group>"; };
		B5C22F9822723A5A00296660 /* Configuration.swift */ = {isa = PBXFileReference; lastKnownFileType = sourcecode.swift; path = Configuration.swift; sourceTree = "<group>"; };
		C2D4277FDEE1048989B143FF /* Pods_Treads.framework */ = {isa = PBXFileReference; explicitFileType = wrapper.framework; includeInIndex = 0; path = Pods_Treads.framework; sourceTree = BUILT_PRODUCTS_DIR; };
/* End PBXFileReference section */

/* Begin PBXFrameworksBuildPhase section */
		B5235C05225F591300077388 /* Frameworks */ = {
			isa = PBXFrameworksBuildPhase;
			buildActionMask = 2147483647;
			files = (
				D585C24F3E22117B9ADF2B04 /* Pods_Treads.framework in Frameworks */,
			);
			runOnlyForDeploymentPostprocessing = 0;
		};
/* End PBXFrameworksBuildPhase section */

/* Begin PBXGroup section */
		3C620009E35CDF045C76C93C /* Frameworks */ = {
			isa = PBXGroup;
			children = (
				C2D4277FDEE1048989B143FF /* Pods_Treads.framework */,
			);
			name = Frameworks;
			sourceTree = "<group>";
		};
		B5235BFF225F591300077388 = {
			isa = PBXGroup;
			children = (
				B5235C0A225F591300077388 /* Treads */,
				B5235C09225F591300077388 /* Products */,
				D522F15A068F2EE685CD032B /* Pods */,
				3C620009E35CDF045C76C93C /* Frameworks */,
			);
			sourceTree = "<group>";
		};
		B5235C09225F591300077388 /* Products */ = {
			isa = PBXGroup;
			children = (
				B5235C08225F591300077388 /* Treads.app */,
			);
			name = Products;
			sourceTree = "<group>";
		};
		B5235C0A225F591300077388 /* Treads */ = {
			isa = PBXGroup;
			children = (
				B5235C24225F60FA00077388 /* Modle */,
				B5235C23225F60F500077388 /* View */,
				B5235C22225F60EB00077388 /* Controller */,
				B5235C21225F60DF00077388 /* Utilities */,
				B5235C20225F60D700077388 /* Ext */,
				B5235C1F225F609000077388 /* Resources */,
				B5235C0B225F591300077388 /* AppDelegate.swift */,
				B5235C11225F591300077388 /* Main.storyboard */,
				B5235C14225F591500077388 /* Assets.xcassets */,
				B5235C16225F591500077388 /* LaunchScreen.storyboard */,
				B5235C19225F591500077388 /* Info.plist */,
			);
			path = Treads;
			sourceTree = "<group>";
		};
		B5235C1F225F609000077388 /* Resources */ = {
			isa = PBXGroup;
			children = (
				B5235C2B225F61BF00077388 /* Montserrat-Black.ttf */,
				B5235C2D225F61BF00077388 /* Montserrat-BlackItalic.ttf */,
				B5235C34225F61BF00077388 /* Montserrat-Bold.ttf */,
				B5235C33225F61BF00077388 /* Montserrat-BoldItalic.ttf */,
				B5235C26225F61BE00077388 /* Montserrat-ExtraBold.ttf */,
				B5235C27225F61BF00077388 /* Montserrat-ExtraBoldItalic.ttf */,
				B5235C30225F61BF00077388 /* Montserrat-ExtraLight.ttf */,
				B5235C29225F61BF00077388 /* Montserrat-ExtraLightItalic.ttf */,
				B5235C31225F61BF00077388 /* Montserrat-Italic.ttf */,
				B5235C32225F61BF00077388 /* Montserrat-Light.ttf */,
				B5235C2C225F61BF00077388 /* Montserrat-LightItalic.ttf */,
				B5235C25225F61BE00077388 /* Montserrat-Medium.ttf */,
				B5235C28225F61BF00077388 /* Montserrat-MediumItalic.ttf */,
				B5235C2E225F61BF00077388 /* Montserrat-Regular.ttf */,
				B5235C2A225F61BF00077388 /* Montserrat-SemiBold.ttf */,
				B5235C2F225F61BF00077388 /* Montserrat-SemiBoldItalic.ttf */,
				B5235C36225F61C000077388 /* Montserrat-Thin.ttf */,
				B5235C35225F61C000077388 /* Montserrat-ThinItalic.ttf */,
			);
			path = Resources;
			sourceTree = "<group>";
		};
		B5235C20225F60D700077388 /* Ext */ = {
			isa = PBXGroup;
			children = (
				B53C07C4226DF74F00F06D5C /* Extentions.swift */,
			);
			path = Ext;
			sourceTree = "<group>";
		};
		B5235C21225F60DF00077388 /* Utilities */ = {
			isa = PBXGroup;
			children = (
				B529A4532270CC2D0017D946 /* Constants.swift */,
				B5C22F9822723A5A00296660 /* Configuration.swift */,
			);
			path = Utilities;
			sourceTree = "<group>";
		};
		B5235C22225F60EB00077388 /* Controller */ = {
			isa = PBXGroup;
			children = (
				B5235C0D225F591300077388 /* BeginRunVC.swift */,
				B5235C0F225F591300077388 /* RunLogVC.swift */,
				B5235C492261172300077388 /* LocationVC.swift */,
				B5235C4B226120D900077388 /* CurrentRunVC.swift */,
			);
			path = Controller;
			sourceTree = "<group>";
		};
		B5235C23225F60F500077388 /* View */ = {
			isa = PBXGroup;
			children = (
				B529A455227102C80017D946 /* LogCell.swift */,
			);
			path = View;
			sourceTree = "<group>";
		};
		B5235C24225F60FA00077388 /* Modle */ = {
			isa = PBXGroup;
			children = (
				B5192F2D226FA7E500FDFECB /* Run.swift */,
				B5C22F962271F5DD00296660 /* Location.swift */,
			);
			path = Modle;
			sourceTree = "<group>";
		};
		D522F15A068F2EE685CD032B /* Pods */ = {
			isa = PBXGroup;
			children = (
				185CB6A08FBD52D631D21B8E /* Pods-Treads.debug.xcconfig */,
				62B31A27E68049B7CD10FE65 /* Pods-Treads.release.xcconfig */,
			);
			name = Pods;
			sourceTree = "<group>";
		};
/* End PBXGroup section */

/* Begin PBXNativeTarget section */
		B5235C07225F591300077388 /* Treads */ = {
			isa = PBXNativeTarget;
			buildConfigurationList = B5235C1C225F591500077388 /* Build configuration list for PBXNativeTarget "Treads" */;
			buildPhases = (
				3A2FDCB9763D1D3B22B1F5A4 /* [CP] Check Pods Manifest.lock */,
				B5235C04225F591300077388 /* Sources */,
				B5235C05225F591300077388 /* Frameworks */,
				B5235C06225F591300077388 /* Resources */,
				744323C1F2C8439DFC1C28D2 /* [CP] Embed Pods Frameworks */,
			);
			buildRules = (
			);
			dependencies = (
			);
			name = Treads;
			productName = Treads;
			productReference = B5235C08225F591300077388 /* Treads.app */;
			productType = "com.apple.product-type.application";
		};
/* End PBXNativeTarget section */

/* Begin PBXProject section */
		B5235C00225F591300077388 /* Project object */ = {
			isa = PBXProject;
			attributes = {
				LastSwiftUpdateCheck = 1020;
				LastUpgradeCheck = 1020;
				ORGANIZATIONNAME = "Denis Rakitin";
				TargetAttributes = {
					B5235C07225F591300077388 = {
						CreatedOnToolsVersion = 10.2;
					};
				};
			};
			buildConfigurationList = B5235C03225F591300077388 /* Build configuration list for PBXProject "Treads" */;
			compatibilityVersion = "Xcode 9.3";
			developmentRegion = en;
			hasScannedForEncodings = 0;
			knownRegions = (
				en,
				Base,
			);
			mainGroup = B5235BFF225F591300077388;
			productRefGroup = B5235C09225F591300077388 /* Products */;
			projectDirPath = "";
			projectRoot = "";
			targets = (
				B5235C07225F591300077388 /* Treads */,
			);
		};
/* End PBXProject section */

/* Begin PBXResourcesBuildPhase section */
		B5235C06225F591300077388 /* Resources */ = {
			isa = PBXResourcesBuildPhase;
			buildActionMask = 2147483647;
			files = (
				B5235C45225F61C000077388 /* Montserrat-BoldItalic.ttf in Resources */,
				B5235C41225F61C000077388 /* Montserrat-SemiBoldItalic.ttf in Resources */,
				B5235C3E225F61C000077388 /* Montserrat-LightItalic.ttf in Resources */,
				B5235C44225F61C000077388 /* Montserrat-Light.ttf in Resources */,
				B5235C38225F61C000077388 /* Montserrat-ExtraBold.ttf in Resources */,
				B5235C43225F61C000077388 /* Montserrat-Italic.ttf in Resources */,
				B5235C3D225F61C000077388 /* Montserrat-Black.ttf in Resources */,
				B5235C42225F61C000077388 /* Montserrat-ExtraLight.ttf in Resources */,
				B5235C3B225F61C000077388 /* Montserrat-ExtraLightItalic.ttf in Resources */,
				B5235C18225F591500077388 /* LaunchScreen.storyboard in Resources */,
				B5235C3A225F61C000077388 /* Montserrat-MediumItalic.ttf in Resources */,
				B5235C40225F61C000077388 /* Montserrat-Regular.ttf in Resources */,
				B5235C15225F591500077388 /* Assets.xcassets in Resources */,
				B5235C48225F61C000077388 /* Montserrat-Thin.ttf in Resources */,
				B5235C46225F61C000077388 /* Montserrat-Bold.ttf in Resources */,
				B5235C47225F61C000077388 /* Montserrat-ThinItalic.ttf in Resources */,
				B5235C39225F61C000077388 /* Montserrat-ExtraBoldItalic.ttf in Resources */,
				B5235C3C225F61C000077388 /* Montserrat-SemiBold.ttf in Resources */,
				B5235C3F225F61C000077388 /* Montserrat-BlackItalic.ttf in Resources */,
				B5235C37225F61C000077388 /* Montserrat-Medium.ttf in Resources */,
				B5235C13225F591300077388 /* Main.storyboard in Resources */,
			);
			runOnlyForDeploymentPostprocessing = 0;
		};
/* End PBXResourcesBuildPhase section */

/* Begin PBXShellScriptBuildPhase section */
		3A2FDCB9763D1D3B22B1F5A4 /* [CP] Check Pods Manifest.lock */ = {
			isa = PBXShellScriptBuildPhase;
			buildActionMask = 2147483647;
			files = (
			);
			inputPaths = (
				"${PODS_PODFILE_DIR_PATH}/Podfile.lock",
				"${PODS_ROOT}/Manifest.lock",
			);
			name = "[CP] Check Pods Manifest.lock";
			outputPaths = (
				"$(DERIVED_FILE_DIR)/Pods-Treads-checkManifestLockResult.txt",
			);
			runOnlyForDeploymentPostprocessing = 0;
			shellPath = /bin/sh;
			shellScript = "diff \"${PODS_PODFILE_DIR_PATH}/Podfile.lock\" \"${PODS_ROOT}/Manifest.lock\" > /dev/null\nif [ $? != 0 ] ; then\n    # print error to STDERR\n    echo \"error: The sandbox is not in sync with the Podfile.lock. Run 'pod install' or update your CocoaPods installation.\" >&2\n    exit 1\nfi\n# This output is used by Xcode 'outputs' to avoid re-running this script phase.\necho \"SUCCESS\" > \"${SCRIPT_OUTPUT_FILE_0}\"\n";
			showEnvVarsInLog = 0;
		};
		744323C1F2C8439DFC1C28D2 /* [CP] Embed Pods Frameworks */ = {
			isa = PBXShellScriptBuildPhase;
			buildActionMask = 2147483647;
			files = (
			);
			inputPaths = (
				"${SRCROOT}/Pods/Target Support Files/Pods-Treads/Pods-Treads-frameworks.sh",
				"${BUILT_PRODUCTS_DIR}/Realm/Realm.framework",
				"${BUILT_PRODUCTS_DIR}/RealmSwift/RealmSwift.framework",
			);
			name = "[CP] Embed Pods Frameworks";
			outputPaths = (
				"${TARGET_BUILD_DIR}/${FRAMEWORKS_FOLDER_PATH}/Realm.framework",
				"${TARGET_BUILD_DIR}/${FRAMEWORKS_FOLDER_PATH}/RealmSwift.framework",
			);
			runOnlyForDeploymentPostprocessing = 0;
			shellPath = /bin/sh;
			shellScript = "\"${SRCROOT}/Pods/Target Support Files/Pods-Treads/Pods-Treads-frameworks.sh\"\n";
			showEnvVarsInLog = 0;
		};
/* End PBXShellScriptBuildPhase section */

/* Begin PBXSourcesBuildPhase section */
		B5235C04225F591300077388 /* Sources */ = {
			isa = PBXSourcesBuildPhase;
			buildActionMask = 2147483647;
			files = (
				B5235C4C226120D900077388 /* CurrentRunVC.swift in Sources */,
				B5235C10225F591300077388 /* RunLogVC.swift in Sources */,
				B529A456227102C80017D946 /* LogCell.swift in Sources */,
				B53C07C5226DF74F00F06D5C /* Extentions.swift in Sources */,
				B5235C0C225F591300077388 /* AppDelegate.swift in Sources */,
				B5235C4A2261172300077388 /* LocationVC.swift in Sources */,
				B5192F2E226FA7E500FDFECB /* Run.swift in Sources */,
				B5235C0E225F591300077388 /* BeginRunVC.swift in Sources */,
				B5C22F972271F5DD00296660 /* Location.swift in Sources */,
				B529A4542270CC2D0017D946 /* Constants.swift in Sources */,
				B5C22F9922723A5A00296660 /* Configuration.swift in Sources */,
			);
			runOnlyForDeploymentPostprocessing = 0;
		};
/* End PBXSourcesBuildPhase section */

/* Begin PBXVariantGroup section */
		B5235C11225F591300077388 /* Main.storyboard */ = {
			isa = PBXVariantGroup;
			children = (
				B5235C12225F591300077388 /* Base */,
			);
			name = Main.storyboard;
			sourceTree = "<group>";
		};
		B5235C16225F591500077388 /* LaunchScreen.storyboard */ = {
			isa = PBXVariantGroup;
			children = (
				B5235C17225F591500077388 /* Base */,
			);
			name = LaunchScreen.storyboard;
			sourceTree = "<group>";
		};
/* End PBXVariantGroup section */

/* Begin XCBuildConfiguration section */
		B5235C1A225F591500077388 /* Debug */ = {
			isa = XCBuildConfiguration;
			buildSettings = {
				ALWAYS_SEARCH_USER_PATHS = NO;
				CLANG_ANALYZER_NONNULL = YES;
				CLANG_ANALYZER_NUMBER_OBJECT_CONVERSION = YES_AGGRESSIVE;
				CLANG_CXX_LANGUAGE_STANDARD = "gnu++14";
				CLANG_CXX_LIBRARY = "libc++";
				CLANG_ENABLE_MODULES = YES;
				CLANG_ENABLE_OBJC_ARC = YES;
				CLANG_ENABLE_OBJC_WEAK = YES;
				CLANG_WARN_BLOCK_CAPTURE_AUTORELEASING = YES;
				CLANG_WARN_BOOL_CONVERSION = YES;
				CLANG_WARN_COMMA = YES;
				CLANG_WARN_CONSTANT_CONVERSION = YES;
				CLANG_WARN_DEPRECATED_OBJC_IMPLEMENTATIONS = YES;
				CLANG_WARN_DIRECT_OBJC_ISA_USAGE = YES_ERROR;
				CLANG_WARN_DOCUMENTATION_COMMENTS = YES;
				CLANG_WARN_EMPTY_BODY = YES;
				CLANG_WARN_ENUM_CONVERSION = YES;
				CLANG_WARN_INFINITE_RECURSION = YES;
				CLANG_WARN_INT_CONVERSION = YES;
				CLANG_WARN_NON_LITERAL_NULL_CONVERSION = YES;
				CLANG_WARN_OBJC_IMPLICIT_RETAIN_SELF = YES;
				CLANG_WARN_OBJC_LITERAL_CONVERSION = YES;
				CLANG_WARN_OBJC_ROOT_CLASS = YES_ERROR;
				CLANG_WARN_RANGE_LOOP_ANALYSIS = YES;
				CLANG_WARN_STRICT_PROTOTYPES = YES;
				CLANG_WARN_SUSPICIOUS_MOVE = YES;
				CLANG_WARN_UNGUARDED_AVAILABILITY = YES_AGGRESSIVE;
				CLANG_WARN_UNREACHABLE_CODE = YES;
				CLANG_WARN__DUPLICATE_METHOD_MATCH = YES;
				CODE_SIGN_IDENTITY = "iPhone Developer";
				COPY_PHASE_STRIP = NO;
				DEBUG_INFORMATION_FORMAT = dwarf;
				ENABLE_STRICT_OBJC_MSGSEND = YES;
				ENABLE_TESTABILITY = YES;
				GCC_C_LANGUAGE_STANDARD = gnu11;
				GCC_DYNAMIC_NO_PIC = NO;
				GCC_NO_COMMON_BLOCKS = YES;
				GCC_OPTIMIZATION_LEVEL = 0;
				GCC_PREPROCESSOR_DEFINITIONS = (
					"DEBUG=1",
					"$(inherited)",
				);
				GCC_WARN_64_TO_32_BIT_CONVERSION = YES;
				GCC_WARN_ABOUT_RETURN_TYPE = YES_ERROR;
				GCC_WARN_UNDECLARED_SELECTOR = YES;
				GCC_WARN_UNINITIALIZED_AUTOS = YES_AGGRESSIVE;
				GCC_WARN_UNUSED_FUNCTION = YES;
				GCC_WARN_UNUSED_VARIABLE = YES;
				IPHONEOS_DEPLOYMENT_TARGET = 12.2;
				MTL_ENABLE_DEBUG_INFO = INCLUDE_SOURCE;
				MTL_FAST_MATH = YES;
				ONLY_ACTIVE_ARCH = YES;
				SDKROOT = iphoneos;
				SWIFT_ACTIVE_COMPILATION_CONDITIONS = DEBUG;
				SWIFT_OPTIMIZATION_LEVEL = "-Onone";
			};
			name = Debug;
		};
		B5235C1B225F591500077388 /* Release */ = {
			isa = XCBuildConfiguration;
			buildSettings = {
				ALWAYS_SEARCH_USER_PATHS = NO;
				CLANG_ANALYZER_NONNULL = YES;
				CLANG_ANALYZER_NUMBER_OBJECT_CONVERSION = YES_AGGRESSIVE;
				CLANG_CXX_LANGUAGE_STANDARD = "gnu++14";
				CLANG_CXX_LIBRARY = "libc++";
				CLANG_ENABLE_MODULES = YES;
				CLANG_ENABLE_OBJC_ARC = YES;
				CLANG_ENABLE_OBJC_WEAK = YES;
				CLANG_WARN_BLOCK_CAPTURE_AUTORELEASING = YES;
				CLANG_WARN_BOOL_CONVERSION = YES;
				CLANG_WARN_COMMA = YES;
				CLANG_WARN_CONSTANT_CONVERSION = YES;
				CLANG_WARN_DEPRECATED_OBJC_IMPLEMENTATIONS = YES;
				CLANG_WARN_DIRECT_OBJC_ISA_USAGE = YES_ERROR;
				CLANG_WARN_DOCUMENTATION_COMMENTS = YES;
				CLANG_WARN_EMPTY_BODY = YES;
				CLANG_WARN_ENUM_CONVERSION = YES;
				CLANG_WARN_INFINITE_RECURSION = YES;
				CLANG_WARN_INT_CONVERSION = YES;
				CLANG_WARN_NON_LITERAL_NULL_CONVERSION = YES;
				CLANG_WARN_OBJC_IMPLICIT_RETAIN_SELF = YES;
				CLANG_WARN_OBJC_LITERAL_CONVERSION = YES;
				CLANG_WARN_OBJC_ROOT_CLASS = YES_ERROR;
				CLANG_WARN_RANGE_LOOP_ANALYSIS = YES;
				CLANG_WARN_STRICT_PROTOTYPES = YES;
				CLANG_WARN_SUSPICIOUS_MOVE = YES;
				CLANG_WARN_UNGUARDED_AVAILABILITY = YES_AGGRESSIVE;
				CLANG_WARN_UNREACHABLE_CODE = YES;
				CLANG_WARN__DUPLICATE_METHOD_MATCH = YES;
				CODE_SIGN_IDENTITY = "iPhone Developer";
				COPY_PHASE_STRIP = NO;
				DEBUG_INFORMATION_FORMAT = "dwarf-with-dsym";
				ENABLE_NS_ASSERTIONS = NO;
				ENABLE_STRICT_OBJC_MSGSEND = YES;
				GCC_C_LANGUAGE_STANDARD = gnu11;
				GCC_NO_COMMON_BLOCKS = YES;
				GCC_WARN_64_TO_32_BIT_CONVERSION = YES;
				GCC_WARN_ABOUT_RETURN_TYPE = YES_ERROR;
				GCC_WARN_UNDECLARED_SELECTOR = YES;
				GCC_WARN_UNINITIALIZED_AUTOS = YES_AGGRESSIVE;
				GCC_WARN_UNUSED_FUNCTION = YES;
				GCC_WARN_UNUSED_VARIABLE = YES;
				IPHONEOS_DEPLOYMENT_TARGET = 12.2;
				MTL_ENABLE_DEBUG_INFO = NO;
				MTL_FAST_MATH = YES;
				SDKROOT = iphoneos;
				SWIFT_COMPILATION_MODE = wholemodule;
				SWIFT_OPTIMIZATION_LEVEL = "-O";
				VALIDATE_PRODUCT = YES;
			};
			name = Release;
		};
		B5235C1D225F591500077388 /* Debug */ = {
			isa = XCBuildConfiguration;
			baseConfigurationReference = 185CB6A08FBD52D631D21B8E /* Pods-Treads.debug.xcconfig */;
			buildSettings = {
				ASSETCATALOG_COMPILER_APPICON_NAME = AppIcon;
				CODE_SIGN_STYLE = Automatic;
				DEVELOPMENT_TEAM = 9X329BRT6C;
				INFOPLIST_FILE = Treads/Info.plist;
				LD_RUNPATH_SEARCH_PATHS = (
					"$(inherited)",
					"@executable_path/Frameworks",
				);
				PRODUCT_BUNDLE_IDENTIFIER = "funny-farm.Treads";
				PRODUCT_NAME = "$(TARGET_NAME)";
				SWIFT_VERSION = 5.0;
				TARGETED_DEVICE_FAMILY = "1,2";
			};
			name = Debug;
		};
		B5235C1E225F591500077388 /* Release */ = {
			isa = XCBuildConfiguration;
			baseConfigurationReference = 62B31A27E68049B7CD10FE65 /* Pods-Treads.release.xcconfig */;
			buildSettings = {
				ASSETCATALOG_COMPILER_APPICON_NAME = AppIcon;
				CODE_SIGN_STYLE = Automatic;
				DEVELOPMENT_TEAM = 9X329BRT6C;
				INFOPLIST_FILE = Treads/Info.plist;
				LD_RUNPATH_SEARCH_PATHS = (
					"$(inherited)",
					"@executable_path/Frameworks",
				);
				PRODUCT_BUNDLE_IDENTIFIER = "funny-farm.Treads";
				PRODUCT_NAME = "$(TARGET_NAME)";
				SWIFT_VERSION = 5.0;
				TARGETED_DEVICE_FAMILY = "1,2";
			};
			name = Release;
		};
/* End XCBuildConfiguration section */

/* Begin XCConfigurationList section */
		B5235C03225F591300077388 /* Build configuration list for PBXProject "Treads" */ = {
			isa = XCConfigurationList;
			buildConfigurations = (
				B5235C1A225F591500077388 /* Debug */,
				B5235C1B225F591500077388 /* Release */,
			);
			defaultConfigurationIsVisible = 0;
			defaultConfigurationName = Release;
		};
		B5235C1C225F591500077388 /* Build configuration list for PBXNativeTarget "Treads" */ = {
			isa = XCConfigurationList;
			buildConfigurations = (
				B5235C1D225F591500077388 /* Debug */,
				B5235C1E225F591500077388 /* Release */,
			);
			defaultConfigurationIsVisible = 0;
			defaultConfigurationName = Release;
		};
/* End XCConfigurationList section */
	};
	rootObject = B5235C00225F591300077388 /* Project object */;
}
